
Microsoft Visual Studio Solution File, Format Version 12.00
# Visual Studio Version 16
VisualStudioVersion = 16.0.30717.126
MinimumVisualStudioVersion = 10.0.40219.1
Project("{FAE04EC0-301F-11D3-BF4B-00C04F79EFBC}") = "Guinho.BlazorSelect2", "Guinho.BlazorSelect2\Guinho.BlazorSelect2.csproj", "{F3857B17-D1EC-4BEE-A82A-4097FB73BC51}"
EndProject
Project("{FAE04EC0-301F-11D3-BF4B-00C04F79EFBC}") = "BlazorApp", "BlazorApp\BlazorApp.csproj", "{AB313E68-5672-43D3-BD04-40D352B86C44}"
EndProject
Global
	GlobalSection(SolutionConfigurationPlatforms) = preSolution
		Debug|Any CPU = Debug|Any CPU
		Release|Any CPU = Release|Any CPU
	EndGlobalSection
	GlobalSection(ProjectConfigurationPlatforms) = postSolution
		{F3857B17-D1EC-4BEE-A82A-4097FB73BC51}.Debug|Any CPU.ActiveCfg = Debug|Any CPU
		{F3857B17-D1EC-4BEE-A82A-4097FB73BC51}.Debug|Any CPU.Build.0 = Debug|Any CPU
		{F3857B17-D1EC-4BEE-A82A-4097FB73BC51}.Release|Any CPU.ActiveCfg = Release|Any CPU
		{F3857B17-D1EC-4BEE-A82A-4097FB73BC51}.Release|Any CPU.Build.0 = Release|Any CPU
		{AB313E68-5672-43D3-BD04-40D352B86C44}.Debug|Any CPU.ActiveCfg = Debug|Any CPU
		{AB313E68-5672-43D3-BD04-40D352B86C44}.Debug|Any CPU.Build.0 = Debug|Any CPU
		{AB313E68-5672-43D3-BD04-40D352B86C44}.Release|Any CPU.ActiveCfg = Release|Any CPU
		{AB313E68-5672-43D3-BD04-40D352B86C44}.Release|Any CPU.Build.0 = Release|Any CPU
	EndGlobalSection
	GlobalSection(SolutionProperties) = preSolution
		HideSolutionNode = FALSE
	EndGlobalSection
	GlobalSection(ExtensibilityGlobals) = postSolution
		SolutionGuid = {57C9F3C6-0CD7-4C1B-8664-CB68AAA3EB80}
	EndGlobalSection
EndGlobal
